
Microsoft Visual Studio Solution File, Format Version 12.00
# Visual Studio Version 17
VisualStudioVersion = 17.8.34316.72
MinimumVisualStudioVersion = 10.0.40219.1
Project("{C9674DCB-5085-4A16-B785-4C70DD1589BD}") = "SSIS_supermarket", "SSIS\SSIS_supermarket.dtproj", "{BE52DB4C-22B0-4C8F-ABFE-EE75FFF20EA3}"
EndProject
Project("{D2ABAB84-BF74-430A-B69E-9DC6D40DDA17}") = "SSAS_supermarket", "SSAS\SSAS_supermarket.dwproj", "{5386CFB7-B223-42BE-A96A-AEFFF78A9321}"
EndProject
Project("{C9674DCB-5085-4A16-B785-4C70DD1589BD}") = "SSIS_film", "SSIS_film\SSIS_film.dtproj", "{AA354A83-7D3A-42C6-B7B2-5B94BCC72DB0}"
EndProject
Project("{D2ABAB84-BF74-430A-B69E-9DC6D40DDA17}") = "SSAS_film", "SSAS_film\SSAS_film.dwproj", "{EF60463F-6E22-443C-8CD8-09E82434379F}"
EndProject
Global
	GlobalSection(SolutionConfigurationPlatforms) = preSolution
		Development|Default = Development|Default
	EndGlobalSection
	GlobalSection(ProjectConfigurationPlatforms) = postSolution
		{BE52DB4C-22B0-4C8F-ABFE-EE75FFF20EA3}.Development|Default.ActiveCfg = Development
		{BE52DB4C-22B0-4C8F-ABFE-EE75FFF20EA3}.Development|Default.Build.0 = Development
		{5386CFB7-B223-42BE-A96A-AEFFF78A9321}.Development|Default.ActiveCfg = Development
		{5386CFB7-B223-42BE-A96A-AEFFF78A9321}.Development|Default.Build.0 = Development
		{5386CFB7-B223-42BE-A96A-AEFFF78A9321}.Development|Default.Deploy.0 = Development
		{AA354A83-7D3A-42C6-B7B2-5B94BCC72DB0}.Development|Default.ActiveCfg = Development
		{AA354A83-7D3A-42C6-B7B2-5B94BCC72DB0}.Development|Default.Build.0 = Development
		{EF60463F-6E22-443C-8CD8-09E82434379F}.Development|Default.ActiveCfg = Development
		{EF60463F-6E22-443C-8CD8-09E82434379F}.Development|Default.Build.0 = Development
		{EF60463F-6E22-443C-8CD8-09E82434379F}.Development|Default.Deploy.0 = Development
	EndGlobalSection
	GlobalSection(SolutionProperties) = preSolution
		HideSolutionNode = FALSE
	EndGlobalSection
	GlobalSection(ExtensibilityGlobals) = postSolution
		SolutionGuid = {247413CB-2939-4FCD-A576-18DDE0C2E7C3}
	EndGlobalSection
EndGlobal
